// !$*UTF8*$!
{
	archiveVersion = 1;
	classes = {
	};
	objectVersion = 56;
	objects = {

/* Begin PBXBuildFile section */
		441BDF0D2B7BAEA200F9DC78 /* CatsAppApp.swift in Sources */ = {isa = PBXBuildFile; fileRef = 441BDF0C2B7BAEA200F9DC78 /* CatsAppApp.swift */; };
		441BDF0F2B7BAEA200F9DC78 /* ContentView.swift in Sources */ = {isa = PBXBuildFile; fileRef = 441BDF0E2B7BAEA200F9DC78 /* ContentView.swift */; };
		441BDF112B7BAEA300F9DC78 /* Assets.xcassets in Resources */ = {isa = PBXBuildFile; fileRef = 441BDF102B7BAEA300F9DC78 /* Assets.xcassets */; };
		441BDF142B7BAEA300F9DC78 /* Preview Assets.xcassets in Resources */ = {isa = PBXBuildFile; fileRef = 441BDF132B7BAEA300F9DC78 /* Preview Assets.xcassets */; };
		441BDF5C2B8392CE00F9DC78 /* CalculatorButton.swift in Sources */ = {isa = PBXBuildFile; fileRef = 441BDF5B2B8392CE00F9DC78 /* CalculatorButton.swift */; };
		441BDF5E2B83933B00F9DC78 /* ContentViewModel.swift in Sources */ = {isa = PBXBuildFile; fileRef = 441BDF5D2B83933B00F9DC78 /* ContentViewModel.swift */; };
		441BDF612B8393D600F9DC78 /* CalculatorModel.swift in Sources */ = {isa = PBXBuildFile; fileRef = 441BDF602B8393D600F9DC78 /* CalculatorModel.swift */; };
/* End PBXBuildFile section */

/* Begin PBXFileReference section */
		441BDF092B7BAEA200F9DC78 /* CatsApp.app */ = {isa = PBXFileReference; explicitFileType = wrapper.application; includeInIndex = 0; path = CatsApp.app; sourceTree = BUILT_PRODUCTS_DIR; };
		441BDF0C2B7BAEA200F9DC78 /* CatsAppApp.swift */ = {isa = PBXFileReference; lastKnownFileType = sourcecode.swift; path = CatsAppApp.swift; sourceTree = "<group>"; };
		441BDF0E2B7BAEA200F9DC78 /* ContentView.swift */ = {isa = PBXFileReference; lastKnownFileType = sourcecode.swift; path = ContentView.swift; sourceTree = "<group>"; };
		441BDF102B7BAEA300F9DC78 /* Assets.xcassets */ = {isa = PBXFileReference; lastKnownFileType = folder.assetcatalog; path = Assets.xcassets; sourceTree = "<group>"; };
		441BDF132B7BAEA300F9DC78 /* Preview Assets.xcassets */ = {isa = PBXFileReference; lastKnownFileType = folder.assetcatalog; path = "Preview Assets.xcassets"; sourceTree = "<group>"; };
		441BDF5B2B8392CE00F9DC78 /* CalculatorButton.swift */ = {isa = PBXFileReference; lastKnownFileType = sourcecode.swift; path = CalculatorButton.swift; sourceTree = "<group>"; };
		441BDF5D2B83933B00F9DC78 /* ContentViewModel.swift */ = {isa = PBXFileReference; lastKnownFileType = sourcecode.swift; path = ContentViewModel.swift; sourceTree = "<group>"; };
		441BDF602B8393D600F9DC78 /* CalculatorModel.swift */ = {isa = PBXFileReference; lastKnownFileType = sourcecode.swift; path = CalculatorModel.swift; sourceTree = "<group>"; };
/* End PBXFileReference section */

/* Begin PBXFrameworksBuildPhase section */
		441BDF062B7BAEA200F9DC78 /* Frameworks */ = {
			isa = PBXFrameworksBuildPhase;
			buildActionMask = 2147483647;
			files = (
			);
			runOnlyForDeploymentPostprocessing = 0;
		};
/* End PBXFrameworksBuildPhase section */

/* Begin PBXGroup section */
		441BDF002B7BAEA200F9DC78 = {
			isa = PBXGroup;
			children = (
				441BDF0B2B7BAEA200F9DC78 /* CatsApp */,
				441BDF0A2B7BAEA200F9DC78 /* Products */,
			);
			sourceTree = "<group>";
		};
		441BDF0A2B7BAEA200F9DC78 /* Products */ = {
			isa = PBXGroup;
			children = (
				441BDF092B7BAEA200F9DC78 /* CatsApp.app */,
			);
			name = Products;
			sourceTree = "<group>";
		};
		441BDF0B2B7BAEA200F9DC78 /* CatsApp */ = {
			isa = PBXGroup;
			children = (
				441BDF0C2B7BAEA200F9DC78 /* CatsAppApp.swift */,
				441BDF622B83944300F9DC78 /* Models */,
				441BDF5A2B83927400F9DC78 /* Views */,
				441BDF5F2B83937100F9DC78 /* ViewModels */,
				441BDF102B7BAEA300F9DC78 /* Assets.xcassets */,
				441BDF122B7BAEA300F9DC78 /* Preview Content */,
			);
			path = CatsApp;
			sourceTree = "<group>";
		};
		441BDF122B7BAEA300F9DC78 /* Preview Content */ = {
			isa = PBXGroup;
			children = (
				441BDF132B7BAEA300F9DC78 /* Preview Assets.xcassets */,
			);
			path = "Preview Content";
			sourceTree = "<group>";
		};
		441BDF5A2B83927400F9DC78 /* Views */ = {
			isa = PBXGroup;
			children = (
				441BDF5B2B8392CE00F9DC78 /* CalculatorButton.swift */,
				441BDF0E2B7BAEA200F9DC78 /* ContentView.swift */,
			);
			path = Views;
			sourceTree = "<group>";
		};
		441BDF5F2B83937100F9DC78 /* ViewModels */ = {
			isa = PBXGroup;
			children = (
				441BDF5D2B83933B00F9DC78 /* ContentViewModel.swift */,
			);
			path = ViewModels;
			sourceTree = "<group>";
		};
		441BDF622B83944300F9DC78 /* Models */ = {
			isa = PBXGroup;
			children = (
				441BDF602B8393D600F9DC78 /* CalculatorModel.swift */,
			);
			path = Models;
			sourceTree = "<group>";
		};
/* End PBXGroup section */

/* Begin PBXNativeTarget section */
		441BDF082B7BAEA200F9DC78 /* CatsApp */ = {
			isa = PBXNativeTarget;
			buildConfigurationList = 441BDF172B7BAEA300F9DC78 /* Build configuration list for PBXNativeTarget "CatsApp" */;
			buildPhases = (
				441BDF052B7BAEA200F9DC78 /* Sources */,
				441BDF062B7BAEA200F9DC78 /* Frameworks */,
				441BDF072B7BAEA200F9DC78 /* Resources */,
			);
			buildRules = (
			);
			dependencies = (
			);
			name = CatsApp;
			productName = CatsApp;
			productReference = 441BDF092B7BAEA200F9DC78 /* CatsApp.app */;
			productType = "com.apple.product-type.application";
		};
/* End PBXNativeTarget section */

/* Begin PBXProject section */
		441BDF012B7BAEA200F9DC78 /* Project object */ = {
			isa = PBXProject;
			attributes = {
				BuildIndependentTargetsInParallel = 1;
				LastSwiftUpdateCheck = 1520;
				LastUpgradeCheck = 1520;
				TargetAttributes = {
					441BDF082B7BAEA200F9DC78 = {
						CreatedOnToolsVersion = 15.2;
						LastSwiftMigration = 1520;
					};
				};
			};
			buildConfigurationList = 441BDF042B7BAEA200F9DC78 /* Build configuration list for PBXProject "CatsApp" */;
			compatibilityVersion = "Xcode 14.0";
			developmentRegion = en;
			hasScannedForEncodings = 0;
			knownRegions = (
				en,
				Base,
			);
			mainGroup = 441BDF002B7BAEA200F9DC78;
			productRefGroup = 441BDF0A2B7BAEA200F9DC78 /* Products */;
			projectDirPath = "";
			projectRoot = "";
			targets = (
				441BDF082B7BAEA200F9DC78 /* CatsApp */,
			);
		};
/* End PBXProject section */

/* Begin PBXResourcesBuildPhase section */
		441BDF072B7BAEA200F9DC78 /* Resources */ = {
			isa = PBXResourcesBuildPhase;
			buildActionMask = 2147483647;
			files = (
				441BDF142B7BAEA300F9DC78 /* Preview Assets.xcassets in Resources */,
				441BDF112B7BAEA300F9DC78 /* Assets.xcassets in Resources */,
			);
			runOnlyForDeploymentPostprocessing = 0;
		};
/* End PBXResourcesBuildPhase section */

/* Begin PBXSourcesBuildPhase section */
		441BDF052B7BAEA200F9DC78 /* Sources */ = {
			isa = PBXSourcesBuildPhase;
			buildActionMask = 2147483647;
			files = (
				441BDF5E2B83933B00F9DC78 /* ContentViewModel.swift in Sources */,
				441BDF612B8393D600F9DC78 /* CalculatorModel.swift in Sources */,
				441BDF0F2B7BAEA200F9DC78 /* ContentView.swift in Sources */,
				441BDF5C2B8392CE00F9DC78 /* CalculatorButton.swift in Sources */,
				441BDF0D2B7BAEA200F9DC78 /* CatsAppApp.swift in Sources */,
			);
			runOnlyForDeploymentPostprocessing = 0;
		};
/* End PBXSourcesBuildPhase section */

/* Begin XCBuildConfiguration section */
		441BDF152B7BAEA300F9DC78 /* Debug */ = {
			isa = XCBuildConfiguration;
			buildSettings = {
				ALWAYS_SEARCH_USER_PATHS = NO;
				ASSETCATALOG_COMPILER_GENERATE_SWIFT_ASSET_SYMBOL_EXTENSIONS = YES;
				CLANG_ANALYZER_NONNULL = YES;
				CLANG_ANALYZER_NUMBER_OBJECT_CONVERSION = YES_AGGRESSIVE;
				CLANG_CXX_LANGUAGE_STANDARD = "gnu++20";
				CLANG_ENABLE_MODULES = YES;
				CLANG_ENABLE_OBJC_ARC = YES;
				CLANG_ENABLE_OBJC_WEAK = YES;
				CLANG_WARN_BLOCK_CAPTURE_AUTORELEASING = YES;
				CLANG_WARN_BOOL_CONVERSION = YES;
				CLANG_WARN_COMMA = YES;
				CLANG_WARN_CONSTANT_CONVERSION = YES;
				CLANG_WARN_DEPRECATED_OBJC_IMPLEMENTATIONS = YES;
				CLANG_WARN_DIRECT_OBJC_ISA_USAGE = YES_ERROR;
				CLANG_WARN_DOCUMENTATION_COMMENTS = YES;
				CLANG_WARN_EMPTY_BODY = YES;
				CLANG_WARN_ENUM_CONVERSION = YES;
				CLANG_WARN_INFINITE_RECURSION = YES;
				CLANG_WARN_INT_CONVERSION = YES;
				CLANG_WARN_NON_LITERAL_NULL_CONVERSION = YES;
				CLANG_WARN_OBJC_IMPLICIT_RETAIN_SELF = YES;
				CLANG_WARN_OBJC_LITERAL_CONVERSION = YES;
				CLANG_WARN_OBJC_ROOT_CLASS = YES_ERROR;
				CLANG_WARN_QUOTED_INCLUDE_IN_FRAMEWORK_HEADER = YES;
				CLANG_WARN_RANGE_LOOP_ANALYSIS = YES;
				CLANG_WARN_STRICT_PROTOTYPES = YES;
				CLANG_WARN_SUSPICIOUS_MOVE = YES;
				CLANG_WARN_UNGUARDED_AVAILABILITY = YES_AGGRESSIVE;
				CLANG_WARN_UNREACHABLE_CODE = YES;
				CLANG_WARN__DUPLICATE_METHOD_MATCH = YES;
				COPY_PHASE_STRIP = NO;
				DEBUG_INFORMATION_FORMAT = dwarf;
				ENABLE_STRICT_OBJC_MSGSEND = YES;
				ENABLE_TESTABILITY = YES;
				ENABLE_USER_SCRIPT_SANDBOXING = YES;
				GCC_C_LANGUAGE_STANDARD = gnu17;
				GCC_DYNAMIC_NO_PIC = NO;
				GCC_NO_COMMON_BLOCKS = YES;
				GCC_OPTIMIZATION_LEVEL = 0;
				GCC_PREPROCESSOR_DEFINITIONS = (
					"DEBUG=1",
					"$(inherited)",
				);
				GCC_WARN_64_TO_32_BIT_CONVERSION = YES;
				GCC_WARN_ABOUT_RETURN_TYPE = YES_ERROR;
				GCC_WARN_UNDECLARED_SELECTOR = YES;
				GCC_WARN_UNINITIALIZED_AUTOS = YES_AGGRESSIVE;
				GCC_WARN_UNUSED_FUNCTION = YES;
				GCC_WARN_UNUSED_VARIABLE = YES;
				IPHONEOS_DEPLOYMENT_TARGET = 17.2;
				LOCALIZATION_PREFERS_STRING_CATALOGS = YES;
				MTL_ENABLE_DEBUG_INFO = INCLUDE_SOURCE;
				MTL_FAST_MATH = YES;
				ONLY_ACTIVE_ARCH = YES;
				SDKROOT = iphoneos;
				SWIFT_ACTIVE_COMPILATION_CONDITIONS = "DEBUG $(inherited)";
				SWIFT_OPTIMIZATION_LEVEL = "-Onone";
			};
			name = Debug;
		};
		441BDF162B7BAEA300F9DC78 /* Release */ = {
			isa = XCBuildConfiguration;
			buildSettings = {
				ALWAYS_SEARCH_USER_PATHS = NO;
				ASSETCATALOG_COMPILER_GENERATE_SWIFT_ASSET_SYMBOL_EXTENSIONS = YES;
				CLANG_ANALYZER_NONNULL = YES;
				CLANG_ANALYZER_NUMBER_OBJECT_CONVERSION = YES_AGGRESSIVE;
				CLANG_CXX_LANGUAGE_STANDARD = "gnu++20";
				CLANG_ENABLE_MODULES = YES;
				CLANG_ENABLE_OBJC_ARC = YES;
				CLANG_ENABLE_OBJC_WEAK = YES;
				CLANG_WARN_BLOCK_CAPTURE_AUTORELEASING = YES;
				CLANG_WARN_BOOL_CONVERSION = YES;
				CLANG_WARN_COMMA = YES;
				CLANG_WARN_CONSTANT_CONVERSION = YES;
				CLANG_WARN_DEPRECATED_OBJC_IMPLEMENTATIONS = YES;
				CLANG_WARN_DIRECT_OBJC_ISA_USAGE = YES_ERROR;
				CLANG_WARN_DOCUMENTATION_COMMENTS = YES;
				CLANG_WARN_EMPTY_BODY = YES;
				CLANG_WARN_ENUM_CONVERSION = YES;
				CLANG_WARN_INFINITE_RECURSION = YES;
				CLANG_WARN_INT_CONVERSION = YES;
				CLANG_WARN_NON_LITERAL_NULL_CONVERSION = YES;
				CLANG_WARN_OBJC_IMPLICIT_RETAIN_SELF = YES;
				CLANG_WARN_OBJC_LITERAL_CONVERSION = YES;
				CLANG_WARN_OBJC_ROOT_CLASS = YES_ERROR;
				CLANG_WARN_QUOTED_INCLUDE_IN_FRAMEWORK_HEADER = YES;
				CLANG_WARN_RANGE_LOOP_ANALYSIS = YES;
				CLANG_WARN_STRICT_PROTOTYPES = YES;
				CLANG_WARN_SUSPICIOUS_MOVE = YES;
				CLANG_WARN_UNGUARDED_AVAILABILITY = YES_AGGRESSIVE;
				CLANG_WARN_UNREACHABLE_CODE = YES;
				CLANG_WARN__DUPLICATE_METHOD_MATCH = YES;
				COPY_PHASE_STRIP = NO;
				DEBUG_INFORMATION_FORMAT = "dwarf-with-dsym";
				ENABLE_NS_ASSERTIONS = NO;
				ENABLE_STRICT_OBJC_MSGSEND = YES;
				ENABLE_USER_SCRIPT_SANDBOXING = YES;
				GCC_C_LANGUAGE_STANDARD = gnu17;
				GCC_NO_COMMON_BLOCKS = YES;
				GCC_WARN_64_TO_32_BIT_CONVERSION = YES;
				GCC_WARN_ABOUT_RETURN_TYPE = YES_ERROR;
				GCC_WARN_UNDECLARED_SELECTOR = YES;
				GCC_WARN_UNINITIALIZED_AUTOS = YES_AGGRESSIVE;
				GCC_WARN_UNUSED_FUNCTION = YES;
				GCC_WARN_UNUSED_VARIABLE = YES;
				IPHONEOS_DEPLOYMENT_TARGET = 17.2;
				LOCALIZATION_PREFERS_STRING_CATALOGS = YES;
				MTL_ENABLE_DEBUG_INFO = NO;
				MTL_FAST_MATH = YES;
				SDKROOT = iphoneos;
				SWIFT_COMPILATION_MODE = wholemodule;
				VALIDATE_PRODUCT = YES;
			};
			name = Release;
		};
		441BDF182B7BAEA300F9DC78 /* Debug */ = {
			isa = XCBuildConfiguration;
			buildSettings = {
				ASSETCATALOG_COMPILER_APPICON_NAME = AppIcon;
				ASSETCATALOG_COMPILER_GLOBAL_ACCENT_COLOR_NAME = AccentColor;
				CLANG_ENABLE_MODULES = YES;
				CODE_SIGN_STYLE = Automatic;
				CURRENT_PROJECT_VERSION = 1;
				DEVELOPMENT_ASSET_PATHS = "\"CatsApp/Preview Content\"";
				DEVELOPMENT_TEAM = B69XW822M7;
				ENABLE_PREVIEWS = YES;
				GENERATE_INFOPLIST_FILE = YES;
				INFOPLIST_KEY_UIApplicationSceneManifest_Generation = YES;
				INFOPLIST_KEY_UIApplicationSupportsIndirectInputEvents = YES;
				INFOPLIST_KEY_UILaunchScreen_Generation = YES;
				INFOPLIST_KEY_UISupportedInterfaceOrientations_iPad = "UIInterfaceOrientationPortrait UIInterfaceOrientationPortraitUpsideDown UIInterfaceOrientationLandscapeLeft UIInterfaceOrientationLandscapeRight";
				INFOPLIST_KEY_UISupportedInterfaceOrientations_iPhone = "UIInterfaceOrientationPortrait UIInterfaceOrientationLandscapeLeft UIInterfaceOrientationLandscapeRight";
				LD_RUNPATH_SEARCH_PATHS = (
					"$(inherited)",
					"@executable_path/Frameworks",
				);
				MARKETING_VERSION = 1.0;
				PRODUCT_BUNDLE_IDENTIFIER = katya.CatsApp;
				PRODUCT_NAME = "$(TARGET_NAME)";
				SWIFT_EMIT_LOC_STRINGS = YES;
				SWIFT_OBJC_BRIDGING_HEADER = "CatsApp/CatsApp-Bridging-Header.h";
				SWIFT_OPTIMIZATION_LEVEL = "-Onone";
				SWIFT_VERSION = 5.0;
				TARGETED_DEVICE_FAMILY = "1,2";
			};
			name = Debug;
		};
		441BDF192B7BAEA300F9DC78 /* Release */ = {
			isa = XCBuildConfiguration;
			buildSettings = {
				ASSETCATALOG_COMPILER_APPICON_NAME = AppIcon;
				ASSETCATALOG_COMPILER_GLOBAL_ACCENT_COLOR_NAME = AccentColor;
				CLANG_ENABLE_MODULES = YES;
				CODE_SIGN_STYLE = Automatic;
				CURRENT_PROJECT_VERSION = 1;
				DEVELOPMENT_ASSET_PATHS = "\"CatsApp/Preview Content\"";
				DEVELOPMENT_TEAM = B69XW822M7;
				ENABLE_PREVIEWS = YES;
				GENERATE_INFOPLIST_FILE = YES;
				INFOPLIST_KEY_UIApplicationSceneManifest_Generation = YES;
				INFOPLIST_KEY_UIApplicationSupportsIndirectInputEvents = YES;
				INFOPLIST_KEY_UILaunchScreen_Generation = YES;
				INFOPLIST_KEY_UISupportedInterfaceOrientations_iPad = "UIInterfaceOrientationPortrait UIInterfaceOrientationPortraitUpsideDown UIInterfaceOrientationLandscapeLeft UIInterfaceOrientationLandscapeRight";
				INFOPLIST_KEY_UISupportedInterfaceOrientations_iPhone = "UIInterfaceOrientationPortrait UIInterfaceOrientationLandscapeLeft UIInterfaceOrientationLandscapeRight";
				LD_RUNPATH_SEARCH_PATHS = (
					"$(inherited)",
					"@executable_path/Frameworks",
				);
				MARKETING_VERSION = 1.0;
				PRODUCT_BUNDLE_IDENTIFIER = katya.CatsApp;
				PRODUCT_NAME = "$(TARGET_NAME)";
				SWIFT_EMIT_LOC_STRINGS = YES;
				SWIFT_OBJC_BRIDGING_HEADER = "CatsApp/CatsApp-Bridging-Header.h";
				SWIFT_VERSION = 5.0;
				TARGETED_DEVICE_FAMILY = "1,2";
			};
			name = Release;
		};
/* End XCBuildConfiguration section */

/* Begin XCConfigurationList section */
		441BDF042B7BAEA200F9DC78 /* Build configuration list for PBXProject "CatsApp" */ = {
			isa = XCConfigurationList;
			buildConfigurations = (
				441BDF152B7BAEA300F9DC78 /* Debug */,
				441BDF162B7BAEA300F9DC78 /* Release */,
			);
			defaultConfigurationIsVisible = 0;
			defaultConfigurationName = Release;
		};
		441BDF172B7BAEA300F9DC78 /* Build configuration list for PBXNativeTarget "CatsApp" */ = {
			isa = XCConfigurationList;
			buildConfigurations = (
				441BDF182B7BAEA300F9DC78 /* Debug */,
				441BDF192B7BAEA300F9DC78 /* Release */,
			);
			defaultConfigurationIsVisible = 0;
			defaultConfigurationName = Release;
		};
/* End XCConfigurationList section */
	};
	rootObject = 441BDF012B7BAEA200F9DC78 /* Project object */;
}
